
Microsoft Visual Studio Solution File, Format Version 12.00
# Visual Studio Version 16
VisualStudioVersion = 16.0.35229.62
MinimumVisualStudioVersion = 10.0.40219.1
Project("{FAE04EC0-301F-11D3-BF4B-00C04F79EFBC}") = "ReferenceDatatype_407", "ReferenceDatatype_407.csproj", "{2FCD3BED-ACCB-43CC-828B-BC54595D785C}"
EndProject
Global
	GlobalSection(SolutionConfigurationPlatforms) = preSolution
		Debug|Any CPU = Debug|Any CPU
		Release|Any CPU = Release|Any CPU
	EndGlobalSection
	GlobalSection(ProjectConfigurationPlatforms) = postSolution
		{2FCD3BED-ACCB-43CC-828B-BC54595D785C}.Debug|Any CPU.ActiveCfg = Debug|Any CPU
		{2FCD3BED-ACCB-43CC-828B-BC54595D785C}.Debug|Any CPU.Build.0 = Debug|Any CPU
		{2FCD3BED-ACCB-43CC-828B-BC54595D785C}.Release|Any CPU.ActiveCfg = Release|Any CPU
		{2FCD3BED-ACCB-43CC-828B-BC54595D785C}.Release|Any CPU.Build.0 = Release|Any CPU
	EndGlobalSection
	GlobalSection(SolutionProperties) = preSolution
		HideSolutionNode = FALSE
	EndGlobalSection
	GlobalSection(ExtensibilityGlobals) = postSolution
		SolutionGuid = {AE9CBA66-D4FC-4E16-9493-6E3BDCF92CFB}
	EndGlobalSection
EndGlobal
