
Microsoft Visual Studio Solution File, Format Version 12.00
# Visual Studio Version 16
VisualStudioVersion = 16.0.35130.168
MinimumVisualStudioVersion = 10.0.40219.1
Project("{FAE04EC0-301F-11D3-BF4B-00C04F79EFBC}") = "Datatype_407", "Datatype_407.csproj", "{60CDBEAB-2974-4795-B8CA-4BEC70D40C56}"
EndProject
Global
	GlobalSection(SolutionConfigurationPlatforms) = preSolution
		Debug|Any CPU = Debug|Any CPU
		Release|Any CPU = Release|Any CPU
	EndGlobalSection
	GlobalSection(ProjectConfigurationPlatforms) = postSolution
		{60CDBEAB-2974-4795-B8CA-4BEC70D40C56}.Debug|Any CPU.ActiveCfg = Debug|Any CPU
		{60CDBEAB-2974-4795-B8CA-4BEC70D40C56}.Debug|Any CPU.Build.0 = Debug|Any CPU
		{60CDBEAB-2974-4795-B8CA-4BEC70D40C56}.Release|Any CPU.ActiveCfg = Release|Any CPU
		{60CDBEAB-2974-4795-B8CA-4BEC70D40C56}.Release|Any CPU.Build.0 = Release|Any CPU
	EndGlobalSection
	GlobalSection(SolutionProperties) = preSolution
		HideSolutionNode = FALSE
	EndGlobalSection
	GlobalSection(ExtensibilityGlobals) = postSolution
		SolutionGuid = {9833A728-FEC9-4656-A5B7-A3DD2E3BB661}
	EndGlobalSection
EndGlobal
