
Microsoft Visual Studio Solution File, Format Version 12.00
# Visual Studio Version 16
VisualStudioVersion = 16.0.35229.62
MinimumVisualStudioVersion = 10.0.40219.1
Project("{FAE04EC0-301F-11D3-BF4B-00C04F79EFBC}") = "AutoImplemented_407", "AutoImplemented_407.csproj", "{4010176A-1196-4F3E-B0DF-A9469D947612}"
EndProject
Global
	GlobalSection(SolutionConfigurationPlatforms) = preSolution
		Debug|Any CPU = Debug|Any CPU
		Release|Any CPU = Release|Any CPU
	EndGlobalSection
	GlobalSection(ProjectConfigurationPlatforms) = postSolution
		{4010176A-1196-4F3E-B0DF-A9469D947612}.Debug|Any CPU.ActiveCfg = Debug|Any CPU
		{4010176A-1196-4F3E-B0DF-A9469D947612}.Debug|Any CPU.Build.0 = Debug|Any CPU
		{4010176A-1196-4F3E-B0DF-A9469D947612}.Release|Any CPU.ActiveCfg = Release|Any CPU
		{4010176A-1196-4F3E-B0DF-A9469D947612}.Release|Any CPU.Build.0 = Release|Any CPU
	EndGlobalSection
	GlobalSection(SolutionProperties) = preSolution
		HideSolutionNode = FALSE
	EndGlobalSection
	GlobalSection(ExtensibilityGlobals) = postSolution
		SolutionGuid = {3914C5DA-DA56-4F0E-AC5C-CBF8CE32F048}
	EndGlobalSection
EndGlobal
