
Microsoft Visual Studio Solution File, Format Version 12.00
# Visual Studio Version 16
VisualStudioVersion = 16.0.35229.62
MinimumVisualStudioVersion = 10.0.40219.1
Project("{FAE04EC0-301F-11D3-BF4B-00C04F79EFBC}") = "CopyString_407", "CopyString_407.csproj", "{3891F2B4-5E2E-4CD1-8D2B-3437B219AC03}"
EndProject
Global
	GlobalSection(SolutionConfigurationPlatforms) = preSolution
		Debug|Any CPU = Debug|Any CPU
		Release|Any CPU = Release|Any CPU
	EndGlobalSection
	GlobalSection(ProjectConfigurationPlatforms) = postSolution
		{3891F2B4-5E2E-4CD1-8D2B-3437B219AC03}.Debug|Any CPU.ActiveCfg = Debug|Any CPU
		{3891F2B4-5E2E-4CD1-8D2B-3437B219AC03}.Debug|Any CPU.Build.0 = Debug|Any CPU
		{3891F2B4-5E2E-4CD1-8D2B-3437B219AC03}.Release|Any CPU.ActiveCfg = Release|Any CPU
		{3891F2B4-5E2E-4CD1-8D2B-3437B219AC03}.Release|Any CPU.Build.0 = Release|Any CPU
	EndGlobalSection
	GlobalSection(SolutionProperties) = preSolution
		HideSolutionNode = FALSE
	EndGlobalSection
	GlobalSection(ExtensibilityGlobals) = postSolution
		SolutionGuid = {4D3FEF1A-BDB4-4106-86D8-D04F069E296A}
	EndGlobalSection
EndGlobal
