
Microsoft Visual Studio Solution File, Format Version 12.00
# Visual Studio Version 16
VisualStudioVersion = 16.0.35229.62
MinimumVisualStudioVersion = 10.0.40219.1
Project("{FAE04EC0-301F-11D3-BF4B-00C04F79EFBC}") = "DelegateAddSubtract_407", "DelegateAddSubtract_407.csproj", "{E8844DA6-09F5-46D2-AA33-F69981E05AA4}"
EndProject
Global
	GlobalSection(SolutionConfigurationPlatforms) = preSolution
		Debug|Any CPU = Debug|Any CPU
		Release|Any CPU = Release|Any CPU
	EndGlobalSection
	GlobalSection(ProjectConfigurationPlatforms) = postSolution
		{E8844DA6-09F5-46D2-AA33-F69981E05AA4}.Debug|Any CPU.ActiveCfg = Debug|Any CPU
		{E8844DA6-09F5-46D2-AA33-F69981E05AA4}.Debug|Any CPU.Build.0 = Debug|Any CPU
		{E8844DA6-09F5-46D2-AA33-F69981E05AA4}.Release|Any CPU.ActiveCfg = Release|Any CPU
		{E8844DA6-09F5-46D2-AA33-F69981E05AA4}.Release|Any CPU.Build.0 = Release|Any CPU
	EndGlobalSection
	GlobalSection(SolutionProperties) = preSolution
		HideSolutionNode = FALSE
	EndGlobalSection
	GlobalSection(ExtensibilityGlobals) = postSolution
		SolutionGuid = {86749C83-BF74-4A3F-AD4E-6E7E35CE4129}
	EndGlobalSection
EndGlobal
