
Microsoft Visual Studio Solution File, Format Version 12.00
# Visual Studio Version 16
VisualStudioVersion = 16.0.35229.62
MinimumVisualStudioVersion = 10.0.40219.1
Project("{FAE04EC0-301F-11D3-BF4B-00C04F79EFBC}") = "ExceptionHandlingNET_407", "ExceptionHandlingNET_407.csproj", "{694F0AA9-E5B3-4A62-A53D-20237769F243}"
EndProject
Global
	GlobalSection(SolutionConfigurationPlatforms) = preSolution
		Debug|Any CPU = Debug|Any CPU
		Release|Any CPU = Release|Any CPU
	EndGlobalSection
	GlobalSection(ProjectConfigurationPlatforms) = postSolution
		{694F0AA9-E5B3-4A62-A53D-20237769F243}.Debug|Any CPU.ActiveCfg = Debug|Any CPU
		{694F0AA9-E5B3-4A62-A53D-20237769F243}.Debug|Any CPU.Build.0 = Debug|Any CPU
		{694F0AA9-E5B3-4A62-A53D-20237769F243}.Release|Any CPU.ActiveCfg = Release|Any CPU
		{694F0AA9-E5B3-4A62-A53D-20237769F243}.Release|Any CPU.Build.0 = Release|Any CPU
	EndGlobalSection
	GlobalSection(SolutionProperties) = preSolution
		HideSolutionNode = FALSE
	EndGlobalSection
	GlobalSection(ExtensibilityGlobals) = postSolution
		SolutionGuid = {ABD35671-5283-4EA7-80BD-E9D225B4D54B}
	EndGlobalSection
EndGlobal
