
Microsoft Visual Studio Solution File, Format Version 12.00
# Visual Studio Version 16
VisualStudioVersion = 16.0.35229.62
MinimumVisualStudioVersion = 10.0.40219.1
Project("{FAE04EC0-301F-11D3-BF4B-00C04F79EFBC}") = "MethodHiding_407", "MethodHiding_407.csproj", "{AB555A6E-A2CE-4D3A-9A5A-5756CD5A196D}"
EndProject
Global
	GlobalSection(SolutionConfigurationPlatforms) = preSolution
		Debug|Any CPU = Debug|Any CPU
		Release|Any CPU = Release|Any CPU
	EndGlobalSection
	GlobalSection(ProjectConfigurationPlatforms) = postSolution
		{AB555A6E-A2CE-4D3A-9A5A-5756CD5A196D}.Debug|Any CPU.ActiveCfg = Debug|Any CPU
		{AB555A6E-A2CE-4D3A-9A5A-5756CD5A196D}.Debug|Any CPU.Build.0 = Debug|Any CPU
		{AB555A6E-A2CE-4D3A-9A5A-5756CD5A196D}.Release|Any CPU.ActiveCfg = Release|Any CPU
		{AB555A6E-A2CE-4D3A-9A5A-5756CD5A196D}.Release|Any CPU.Build.0 = Release|Any CPU
	EndGlobalSection
	GlobalSection(SolutionProperties) = preSolution
		HideSolutionNode = FALSE
	EndGlobalSection
	GlobalSection(ExtensibilityGlobals) = postSolution
		SolutionGuid = {1570437B-09EA-4083-8C34-0041B5EAA6D0}
	EndGlobalSection
EndGlobal
