
Microsoft Visual Studio Solution File, Format Version 12.00
# Visual Studio Version 16
VisualStudioVersion = 16.0.35229.62
MinimumVisualStudioVersion = 10.0.40219.1
Project("{FAE04EC0-301F-11D3-BF4B-00C04F79EFBC}") = "SmallestIfElse_407", "SmallestIfElse_407.csproj", "{1BE633D5-6868-475B-98EB-31C5D5531AC2}"
EndProject
Global
	GlobalSection(SolutionConfigurationPlatforms) = preSolution
		Debug|Any CPU = Debug|Any CPU
		Release|Any CPU = Release|Any CPU
	EndGlobalSection
	GlobalSection(ProjectConfigurationPlatforms) = postSolution
		{1BE633D5-6868-475B-98EB-31C5D5531AC2}.Debug|Any CPU.ActiveCfg = Debug|Any CPU
		{1BE633D5-6868-475B-98EB-31C5D5531AC2}.Debug|Any CPU.Build.0 = Debug|Any CPU
		{1BE633D5-6868-475B-98EB-31C5D5531AC2}.Release|Any CPU.ActiveCfg = Release|Any CPU
		{1BE633D5-6868-475B-98EB-31C5D5531AC2}.Release|Any CPU.Build.0 = Release|Any CPU
	EndGlobalSection
	GlobalSection(SolutionProperties) = preSolution
		HideSolutionNode = FALSE
	EndGlobalSection
	GlobalSection(ExtensibilityGlobals) = postSolution
		SolutionGuid = {A7904FB9-EC21-4F4F-85C2-9AD9390F140A}
	EndGlobalSection
EndGlobal
