
Microsoft Visual Studio Solution File, Format Version 12.00
# Visual Studio Version 16
VisualStudioVersion = 16.0.35229.62
MinimumVisualStudioVersion = 10.0.40219.1
Project("{FAE04EC0-301F-11D3-BF4B-00C04F79EFBC}") = "AggregateSalaryLINQ_407", "AggregateSalaryLINQ_407.csproj", "{523A8E99-CBB4-4593-AAF7-91D1AD76BED6}"
EndProject
Global
	GlobalSection(SolutionConfigurationPlatforms) = preSolution
		Debug|Any CPU = Debug|Any CPU
		Release|Any CPU = Release|Any CPU
	EndGlobalSection
	GlobalSection(ProjectConfigurationPlatforms) = postSolution
		{523A8E99-CBB4-4593-AAF7-91D1AD76BED6}.Debug|Any CPU.ActiveCfg = Debug|Any CPU
		{523A8E99-CBB4-4593-AAF7-91D1AD76BED6}.Debug|Any CPU.Build.0 = Debug|Any CPU
		{523A8E99-CBB4-4593-AAF7-91D1AD76BED6}.Release|Any CPU.ActiveCfg = Release|Any CPU
		{523A8E99-CBB4-4593-AAF7-91D1AD76BED6}.Release|Any CPU.Build.0 = Release|Any CPU
	EndGlobalSection
	GlobalSection(SolutionProperties) = preSolution
		HideSolutionNode = FALSE
	EndGlobalSection
	GlobalSection(ExtensibilityGlobals) = postSolution
		SolutionGuid = {0BB72E2E-BC08-405F-BA19-A10DBE617E5D}
	EndGlobalSection
EndGlobal
